// !$*UTF8*$!
{
	archiveVersion = 1;
	classes = {
	};
	objectVersion = 46;
	objects = {

/* Begin PBXBuildFile section */
		09C5201A17965E5E001E5F22 /* Foundation.framework in Frameworks */ = {isa = PBXBuildFile; fileRef = 09C5201917965E5E001E5F22 /* Foundation.framework */; };
		09C5201F17965E5E001E5F22 /* HPMusicBoxParse.h in CopyFiles */ = {isa = PBXBuildFile; fileRef = 09C5201E17965E5E001E5F22 /* HPMusicBoxParse.h */; };
		09C5202117965E5E001E5F22 /* HPMusicBoxParse.m in Sources */ = {isa = PBXBuildFile; fileRef = 09C5202017965E5E001E5F22 /* HPMusicBoxParse.m */; };
		09C5202817965E5E001E5F22 /* XCTest.framework in Frameworks */ = {isa = PBXBuildFile; fileRef = 09C5202717965E5E001E5F22 /* XCTest.framework */; };
		09C5202917965E5E001E5F22 /* Foundation.framework in Frameworks */ = {isa = PBXBuildFile; fileRef = 09C5201917965E5E001E5F22 /* Foundation.framework */; };
		09C5202B17965E5E001E5F22 /* UIKit.framework in Frameworks */ = {isa = PBXBuildFile; fileRef = 09C5202A17965E5E001E5F22 /* UIKit.framework */; };
		09C5202E17965E5E001E5F22 /* libHPMusicBoxParse.a in Frameworks */ = {isa = PBXBuildFile; fileRef = 09C5201617965E5E001E5F22 /* libHPMusicBoxParse.a */; };
		09C5203417965E5E001E5F22 /* InfoPlist.strings in Resources */ = {isa = PBXBuildFile; fileRef = 09C5203217965E5E001E5F22 /* InfoPlist.strings */; };
		09C5203617965E5E001E5F22 /* HPMusicBoxParseTests.m in Sources */ = {isa = PBXBuildFile; fileRef = 09C5203517965E5E001E5F22 /* HPMusicBoxParseTests.m */; };
		09C5204017965FC0001E5F22 /* Parse.framework in Frameworks */ = {isa = PBXBuildFile; fileRef = 09C5203F17965FC0001E5F22 /* Parse.framework */; };
		09C5204117965FC0001E5F22 /* Parse.framework in Frameworks */ = {isa = PBXBuildFile; fileRef = 09C5203F17965FC0001E5F22 /* Parse.framework */; };
		09C520461796624B001E5F22 /* ArtistParseEntity.m in Sources */ = {isa = PBXBuildFile; fileRef = 09C520451796624B001E5F22 /* ArtistParseEntity.m */; };
		09C520471796624B001E5F22 /* ArtistParseEntity.m in Sources */ = {isa = PBXBuildFile; fileRef = 09C520451796624B001E5F22 /* ArtistParseEntity.m */; };
		09C520481796714C001E5F22 /* AudioToolbox.framework in Frameworks */ = {isa = PBXBuildFile; fileRef = 09C520421796600D001E5F22 /* AudioToolbox.framework */; };
		09C5204A17967153001E5F22 /* CFNetwork.framework in Frameworks */ = {isa = PBXBuildFile; fileRef = 09C5204917967153001E5F22 /* CFNetwork.framework */; };
		09C5204C17967159001E5F22 /* CoreGraphics.framework in Frameworks */ = {isa = PBXBuildFile; fileRef = 09C5204B17967159001E5F22 /* CoreGraphics.framework */; };
		09C5204E17967161001E5F22 /* CoreLocation.framework in Frameworks */ = {isa = PBXBuildFile; fileRef = 09C5204D17967161001E5F22 /* CoreLocation.framework */; };
		09C520501796716A001E5F22 /* libz.1.1.3.dylib in Frameworks */ = {isa = PBXBuildFile; fileRef = 09C5204F1796716A001E5F22 /* libz.1.1.3.dylib */; };
		09C5205217967173001E5F22 /* MobileCoreServices.framework in Frameworks */ = {isa = PBXBuildFile; fileRef = 09C5205117967173001E5F22 /* MobileCoreServices.framework */; };
		09C520541796717C001E5F22 /* QuartzCore.framework in Frameworks */ = {isa = PBXBuildFile; fileRef = 09C520531796717B001E5F22 /* QuartzCore.framework */; };
		09C5205617967182001E5F22 /* Security.framework in Frameworks */ = {isa = PBXBuildFile; fileRef = 09C5205517967182001E5F22 /* Security.framework */; };
		09C5205817967188001E5F22 /* StoreKit.framework in Frameworks */ = {isa = PBXBuildFile; fileRef = 09C5205717967188001E5F22 /* StoreKit.framework */; };
		09C5205A17967192001E5F22 /* SystemConfiguration.framework in Frameworks */ = {isa = PBXBuildFile; fileRef = 09C5205917967192001E5F22 /* SystemConfiguration.framework */; };
		92E28CDF4092444586E62B79 /* libPods.a in Frameworks */ = {isa = PBXBuildFile; fileRef = 356FDBB9F3F64FAA8060B93C /* libPods.a */; };
/* End PBXBuildFile section */

/* Begin PBXContainerItemProxy section */
		09C5202C17965E5E001E5F22 /* PBXContainerItemProxy */ = {
			isa = PBXContainerItemProxy;
			containerPortal = 09C5200E17965E5E001E5F22 /* Project object */;
			proxyType = 1;
			remoteGlobalIDString = 09C5201517965E5E001E5F22;
			remoteInfo = HPMusicBoxParse;
		};
/* End PBXContainerItemProxy section */

/* Begin PBXCopyFilesBuildPhase section */
		09C5201417965E5E001E5F22 /* CopyFiles */ = {
			isa = PBXCopyFilesBuildPhase;
			buildActionMask = 2147483647;
			dstPath = "include/$(PRODUCT_NAME)";
			dstSubfolderSpec = 16;
			files = (
				09C5201F17965E5E001E5F22 /* HPMusicBoxParse.h in CopyFiles */,
			);
			runOnlyForDeploymentPostprocessing = 0;
		};
/* End PBXCopyFilesBuildPhase section */

/* Begin PBXFileReference section */
		09ADB718179CF5E400AEC654 /* Readme.txt */ = {isa = PBXFileReference; lastKnownFileType = text; path = Readme.txt; sourceTree = "<group>"; };
		09C5201617965E5E001E5F22 /* libHPMusicBoxParse.a */ = {isa = PBXFileReference; explicitFileType = archive.ar; includeInIndex = 0; path = libHPMusicBoxParse.a; sourceTree = BUILT_PRODUCTS_DIR; };
		09C5201917965E5E001E5F22 /* Foundation.framework */ = {isa = PBXFileReference; lastKnownFileType = wrapper.framework; name = Foundation.framework; path = System/Library/Frameworks/Foundation.framework; sourceTree = SDKROOT; };
		09C5201D17965E5E001E5F22 /* HPMusicBoxParse-Prefix.pch */ = {isa = PBXFileReference; lastKnownFileType = sourcecode.c.h; path = "HPMusicBoxParse-Prefix.pch"; sourceTree = "<group>"; };
		09C5201E17965E5E001E5F22 /* HPMusicBoxParse.h */ = {isa = PBXFileReference; lastKnownFileType = sourcecode.c.h; path = HPMusicBoxParse.h; sourceTree = "<group>"; };
		09C5202017965E5E001E5F22 /* HPMusicBoxParse.m */ = {isa = PBXFileReference; lastKnownFileType = sourcecode.c.objc; path = HPMusicBoxParse.m; sourceTree = "<group>"; };
		09C5202617965E5E001E5F22 /* HPMusicBoxParseTests.xctest */ = {isa = PBXFileReference; explicitFileType = wrapper.cfbundle; includeInIndex = 0; path = HPMusicBoxParseTests.xctest; sourceTree = BUILT_PRODUCTS_DIR; };
		09C5202717965E5E001E5F22 /* XCTest.framework */ = {isa = PBXFileReference; lastKnownFileType = wrapper.framework; name = XCTest.framework; path = Library/Frameworks/XCTest.framework; sourceTree = DEVELOPER_DIR; };
		09C5202A17965E5E001E5F22 /* UIKit.framework */ = {isa = PBXFileReference; lastKnownFileType = wrapper.framework; name = UIKit.framework; path = Library/Frameworks/UIKit.framework; sourceTree = DEVELOPER_DIR; };
		09C5203117965E5E001E5F22 /* HPMusicBoxParseTests-Info.plist */ = {isa = PBXFileReference; lastKnownFileType = text.plist.xml; path = "HPMusicBoxParseTests-Info.plist"; sourceTree = "<group>"; };
		09C5203317965E5E001E5F22 /* en */ = {isa = PBXFileReference; lastKnownFileType = text.plist.strings; name = en; path = en.lproj/InfoPlist.strings; sourceTree = "<group>"; };
		09C5203517965E5E001E5F22 /* HPMusicBoxParseTests.m */ = {isa = PBXFileReference; lastKnownFileType = sourcecode.c.objc; path = HPMusicBoxParseTests.m; sourceTree = "<group>"; };
		09C5203F17965FC0001E5F22 /* Parse.framework */ = {isa = PBXFileReference; lastKnownFileType = wrapper.framework; path = Parse.framework; sourceTree = "<group>"; };
		09C520421796600D001E5F22 /* AudioToolbox.framework */ = {isa = PBXFileReference; lastKnownFileType = wrapper.framework; name = AudioToolbox.framework; path = System/Library/Frameworks/AudioToolbox.framework; sourceTree = SDKROOT; };
		09C520441796624B001E5F22 /* ArtistParseEntity.h */ = {isa = PBXFileReference; fileEncoding = 4; lastKnownFileType = sourcecode.c.h; path = ArtistParseEntity.h; sourceTree = "<group>"; };
		09C520451796624B001E5F22 /* ArtistParseEntity.m */ = {isa = PBXFileReference; fileEncoding = 4; lastKnownFileType = sourcecode.c.objc; path = ArtistParseEntity.m; sourceTree = "<group>"; };
		09C5204917967153001E5F22 /* CFNetwork.framework */ = {isa = PBXFileReference; lastKnownFileType = wrapper.framework; name = CFNetwork.framework; path = System/Library/Frameworks/CFNetwork.framework; sourceTree = SDKROOT; };
		09C5204B17967159001E5F22 /* CoreGraphics.framework */ = {isa = PBXFileReference; lastKnownFileType = wrapper.framework; name = CoreGraphics.framework; path = System/Library/Frameworks/CoreGraphics.framework; sourceTree = SDKROOT; };
		09C5204D17967161001E5F22 /* CoreLocation.framework */ = {isa = PBXFileReference; lastKnownFileType = wrapper.framework; name = CoreLocation.framework; path = System/Library/Frameworks/CoreLocation.framework; sourceTree = SDKROOT; };
		09C5204F1796716A001E5F22 /* libz.1.1.3.dylib */ = {isa = PBXFileReference; lastKnownFileType = "compiled.mach-o.dylib"; name = libz.1.1.3.dylib; path = usr/lib/libz.1.1.3.dylib; sourceTree = SDKROOT; };
		09C5205117967173001E5F22 /* MobileCoreServices.framework */ = {isa = PBXFileReference; lastKnownFileType = wrapper.framework; name = MobileCoreServices.framework; path = System/Library/Frameworks/MobileCoreServices.framework; sourceTree = SDKROOT; };
		09C520531796717B001E5F22 /* QuartzCore.framework */ = {isa = PBXFileReference; lastKnownFileType = wrapper.framework; name = QuartzCore.framework; path = System/Library/Frameworks/QuartzCore.framework; sourceTree = SDKROOT; };
		09C5205517967182001E5F22 /* Security.framework */ = {isa = PBXFileReference; lastKnownFileType = wrapper.framework; name = Security.framework; path = System/Library/Frameworks/Security.framework; sourceTree = SDKROOT; };
		09C5205717967188001E5F22 /* StoreKit.framework */ = {isa = PBXFileReference; lastKnownFileType = wrapper.framework; name = StoreKit.framework; path = System/Library/Frameworks/StoreKit.framework; sourceTree = SDKROOT; };
		09C5205917967192001E5F22 /* SystemConfiguration.framework */ = {isa = PBXFileReference; lastKnownFileType = wrapper.framework; name = SystemConfiguration.framework; path = System/Library/Frameworks/SystemConfiguration.framework; sourceTree = SDKROOT; };
		09C71B4F1797B71800375A48 /* HPMusicBoxParse.podspec */ = {isa = PBXFileReference; lastKnownFileType = text; path = HPMusicBoxParse.podspec; sourceTree = "<group>"; };
		09C71B501797B71800375A48 /* Podfile */ = {isa = PBXFileReference; lastKnownFileType = text; path = Podfile; sourceTree = "<group>"; };
		356FDBB9F3F64FAA8060B93C /* libPods.a */ = {isa = PBXFileReference; explicitFileType = archive.ar; includeInIndex = 0; path = libPods.a; sourceTree = BUILT_PRODUCTS_DIR; };
		E4E9D343FE134D03A4B8302F /* Pods.xcconfig */ = {isa = PBXFileReference; includeInIndex = 1; lastKnownFileType = text.xcconfig; name = Pods.xcconfig; path = Pods/Pods.xcconfig; sourceTree = SOURCE_ROOT; };
/* End PBXFileReference section */

/* Begin PBXFrameworksBuildPhase section */
		09C5201317965E5E001E5F22 /* Frameworks */ = {
			isa = PBXFrameworksBuildPhase;
			buildActionMask = 2147483647;
			files = (
				09C5204017965FC0001E5F22 /* Parse.framework in Frameworks */,
				09C5201A17965E5E001E5F22 /* Foundation.framework in Frameworks */,
				92E28CDF4092444586E62B79 /* libPods.a in Frameworks */,
			);
			runOnlyForDeploymentPostprocessing = 0;
		};
		09C5202317965E5E001E5F22 /* Frameworks */ = {
			isa = PBXFrameworksBuildPhase;
			buildActionMask = 2147483647;
			files = (
				09C5205A17967192001E5F22 /* SystemConfiguration.framework in Frameworks */,
				09C5205817967188001E5F22 /* StoreKit.framework in Frameworks */,
				09C5205617967182001E5F22 /* Security.framework in Frameworks */,
				09C520541796717C001E5F22 /* QuartzCore.framework in Frameworks */,
				09C5205217967173001E5F22 /* MobileCoreServices.framework in Frameworks */,
				09C520501796716A001E5F22 /* libz.1.1.3.dylib in Frameworks */,
				09C5204E17967161001E5F22 /* CoreLocation.framework in Frameworks */,
				09C5204C17967159001E5F22 /* CoreGraphics.framework in Frameworks */,
				09C5204A17967153001E5F22 /* CFNetwork.framework in Frameworks */,
				09C520481796714C001E5F22 /* AudioToolbox.framework in Frameworks */,
				09C5202817965E5E001E5F22 /* XCTest.framework in Frameworks */,
				09C5202917965E5E001E5F22 /* Foundation.framework in Frameworks */,
				09C5204117965FC0001E5F22 /* Parse.framework in Frameworks */,
				09C5202B17965E5E001E5F22 /* UIKit.framework in Frameworks */,
				09C5202E17965E5E001E5F22 /* libHPMusicBoxParse.a in Frameworks */,
			);
			runOnlyForDeploymentPostprocessing = 0;
		};
/* End PBXFrameworksBuildPhase section */

/* Begin PBXGroup section */
		09C5200D17965E5E001E5F22 = {
			isa = PBXGroup;
			children = (
				09ADB718179CF5E400AEC654 /* Readme.txt */,
				09C71B4F1797B71800375A48 /* HPMusicBoxParse.podspec */,
				09C71B501797B71800375A48 /* Podfile */,
				09C5201B17965E5E001E5F22 /* HPMusicBoxParse */,
				09C5202F17965E5E001E5F22 /* HPMusicBoxParseTests */,
				09C5201817965E5E001E5F22 /* Frameworks */,
				09C5201717965E5E001E5F22 /* Products */,
				E4E9D343FE134D03A4B8302F /* Pods.xcconfig */,
			);
			sourceTree = "<group>";
		};
		09C5201717965E5E001E5F22 /* Products */ = {
			isa = PBXGroup;
			children = (
				09C5201617965E5E001E5F22 /* libHPMusicBoxParse.a */,
				09C5202617965E5E001E5F22 /* HPMusicBoxParseTests.xctest */,
			);
			name = Products;
			sourceTree = "<group>";
		};
		09C5201817965E5E001E5F22 /* Frameworks */ = {
			isa = PBXGroup;
			children = (
				09C5205917967192001E5F22 /* SystemConfiguration.framework */,
				09C5205717967188001E5F22 /* StoreKit.framework */,
				09C5205517967182001E5F22 /* Security.framework */,
				09C520531796717B001E5F22 /* QuartzCore.framework */,
				09C5205117967173001E5F22 /* MobileCoreServices.framework */,
				09C5204F1796716A001E5F22 /* libz.1.1.3.dylib */,
				09C5204D17967161001E5F22 /* CoreLocation.framework */,
				09C5204B17967159001E5F22 /* CoreGraphics.framework */,
				09C5204917967153001E5F22 /* CFNetwork.framework */,
				09C520421796600D001E5F22 /* AudioToolbox.framework */,
				09C5203F17965FC0001E5F22 /* Parse.framework */,
				09C5201917965E5E001E5F22 /* Foundation.framework */,
				09C5202717965E5E001E5F22 /* XCTest.framework */,
				09C5202A17965E5E001E5F22 /* UIKit.framework */,
				356FDBB9F3F64FAA8060B93C /* libPods.a */,
			);
			name = Frameworks;
			sourceTree = "<group>";
		};
		09C5201B17965E5E001E5F22 /* HPMusicBoxParse */ = {
			isa = PBXGroup;
			children = (
				09C520441796624B001E5F22 /* ArtistParseEntity.h */,
				09C520451796624B001E5F22 /* ArtistParseEntity.m */,
				09C5201E17965E5E001E5F22 /* HPMusicBoxParse.h */,
				09C5202017965E5E001E5F22 /* HPMusicBoxParse.m */,
				09C5201C17965E5E001E5F22 /* Supporting Files */,
			);
			path = HPMusicBoxParse;
			sourceTree = "<group>";
		};
		09C5201C17965E5E001E5F22 /* Supporting Files */ = {
			isa = PBXGroup;
			children = (
				09C5201D17965E5E001E5F22 /* HPMusicBoxParse-Prefix.pch */,
			);
			name = "Supporting Files";
			sourceTree = "<group>";
		};
		09C5202F17965E5E001E5F22 /* HPMusicBoxParseTests */ = {
			isa = PBXGroup;
			children = (
				09C5203517965E5E001E5F22 /* HPMusicBoxParseTests.m */,
				09C5203017965E5E001E5F22 /* Supporting Files */,
			);
			path = HPMusicBoxParseTests;
			sourceTree = "<group>";
		};
		09C5203017965E5E001E5F22 /* Supporting Files */ = {
			isa = PBXGroup;
			children = (
				09C5203117965E5E001E5F22 /* HPMusicBoxParseTests-Info.plist */,
				09C5203217965E5E001E5F22 /* InfoPlist.strings */,
			);
			name = "Supporting Files";
			sourceTree = "<group>";
		};
/* End PBXGroup section */

/* Begin PBXNativeTarget section */
		09C5201517965E5E001E5F22 /* HPMusicBoxParse */ = {
			isa = PBXNativeTarget;
			buildConfigurationList = 09C5203917965E5E001E5F22 /* Build configuration list for PBXNativeTarget "HPMusicBoxParse" */;
			buildPhases = (
				63164315E94F4567A60FDB3B /* Check Pods Manifest.lock */,
				09C5201217965E5E001E5F22 /* Sources */,
				09C5201317965E5E001E5F22 /* Frameworks */,
				09C5201417965E5E001E5F22 /* CopyFiles */,
				9ACACA3DC40A4686AA76D4D0 /* Copy Pods Resources */,
			);
			buildRules = (
			);
			dependencies = (
			);
			name = HPMusicBoxParse;
			productName = HPMusicBoxParse;
			productReference = 09C5201617965E5E001E5F22 /* libHPMusicBoxParse.a */;
			productType = "com.apple.product-type.library.static";
		};
		09C5202517965E5E001E5F22 /* HPMusicBoxParseTests */ = {
			isa = PBXNativeTarget;
			buildConfigurationList = 09C5203C17965E5E001E5F22 /* Build configuration list for PBXNativeTarget "HPMusicBoxParseTests" */;
			buildPhases = (
				09C5202217965E5E001E5F22 /* Sources */,
				09C5202317965E5E001E5F22 /* Frameworks */,
				09C5202417965E5E001E5F22 /* Resources */,
			);
			buildRules = (
			);
			dependencies = (
				09C5202D17965E5E001E5F22 /* PBXTargetDependency */,
			);
			name = HPMusicBoxParseTests;
			productName = HPMusicBoxParseTests;
			productReference = 09C5202617965E5E001E5F22 /* HPMusicBoxParseTests.xctest */;
			productType = "com.apple.product-type.bundle.unit-test";
		};
/* End PBXNativeTarget section */

/* Begin PBXProject section */
		09C5200E17965E5E001E5F22 /* Project object */ = {
			isa = PBXProject;
			attributes = {
				LastUpgradeCheck = 0500;
				ORGANIZATIONNAME = "Hervé PEROTEAU";
			};
			buildConfigurationList = 09C5201117965E5E001E5F22 /* Build configuration list for PBXProject "HPMusicBoxParse" */;
			compatibilityVersion = "Xcode 3.2";
			developmentRegion = English;
			hasScannedForEncodings = 0;
			knownRegions = (
				en,
			);
			mainGroup = 09C5200D17965E5E001E5F22;
			productRefGroup = 09C5201717965E5E001E5F22 /* Products */;
			projectDirPath = "";
			projectRoot = "";
			targets = (
				09C5201517965E5E001E5F22 /* HPMusicBoxParse */,
				09C5202517965E5E001E5F22 /* HPMusicBoxParseTests */,
			);
		};
/* End PBXProject section */

/* Begin PBXResourcesBuildPhase section */
		09C5202417965E5E001E5F22 /* Resources */ = {
			isa = PBXResourcesBuildPhase;
			buildActionMask = 2147483647;
			files = (
				09C5203417965E5E001E5F22 /* InfoPlist.strings in Resources */,
			);
			runOnlyForDeploymentPostprocessing = 0;
		};
/* End PBXResourcesBuildPhase section */

/* Begin PBXShellScriptBuildPhase section */
		63164315E94F4567A60FDB3B /* Check Pods Manifest.lock */ = {
			isa = PBXShellScriptBuildPhase;
			buildActionMask = 2147483647;
			files = (
			);
			inputPaths = (
			);
			name = "Check Pods Manifest.lock";
			outputPaths = (
			);
			runOnlyForDeploymentPostprocessing = 0;
			shellPath = /bin/sh;
			shellScript = "diff \"${PODS_ROOT}/../Podfile.lock\" \"${PODS_ROOT}/Manifest.lock\" > /dev/null\nif [[ $? != 0 ]] ; then\n    cat << EOM\nerror: The sandbox is not in sync with the Podfile.lock. Run 'pod install' or update your CocoaPods installation.\nEOM\n    exit 1\nfi\n";
		};
		9ACACA3DC40A4686AA76D4D0 /* Copy Pods Resources */ = {
			isa = PBXShellScriptBuildPhase;
			buildActionMask = 2147483647;
			files = (
			);
			inputPaths = (
			);
			name = "Copy Pods Resources";
			outputPaths = (
			);
			runOnlyForDeploymentPostprocessing = 0;
			shellPath = /bin/sh;
			shellScript = "\"${SRCROOT}/Pods/Pods-resources.sh\"\n";
		};
/* End PBXShellScriptBuildPhase section */

/* Begin PBXSourcesBuildPhase section */
		09C5201217965E5E001E5F22 /* Sources */ = {
			isa = PBXSourcesBuildPhase;
			buildActionMask = 2147483647;
			files = (
				09C5202117965E5E001E5F22 /* HPMusicBoxParse.m in Sources */,
				09C520461796624B001E5F22 /* ArtistParseEntity.m in Sources */,
			);
			runOnlyForDeploymentPostprocessing = 0;
		};
		09C5202217965E5E001E5F22 /* Sources */ = {
			isa = PBXSourcesBuildPhase;
			buildActionMask = 2147483647;
			files = (
				09C5203617965E5E001E5F22 /* HPMusicBoxParseTests.m in Sources */,
				09C520471796624B001E5F22 /* ArtistParseEntity.m in Sources */,
			);
			runOnlyForDeploymentPostprocessing = 0;
		};
/* End PBXSourcesBuildPhase section */

/* Begin PBXTargetDependency section */
		09C5202D17965E5E001E5F22 /* PBXTargetDependency */ = {
			isa = PBXTargetDependency;
			target = 09C5201517965E5E001E5F22 /* HPMusicBoxParse */;
			targetProxy = 09C5202C17965E5E001E5F22 /* PBXContainerItemProxy */;
		};
/* End PBXTargetDependency section */

/* Begin PBXVariantGroup section */
		09C5203217965E5E001E5F22 /* InfoPlist.strings */ = {
			isa = PBXVariantGroup;
			children = (
				09C5203317965E5E001E5F22 /* en */,
			);
			name = InfoPlist.strings;
			sourceTree = "<group>";
		};
/* End PBXVariantGroup section */

/* Begin XCBuildConfiguration section */
		09C5203717965E5E001E5F22 /* Debug */ = {
			isa = XCBuildConfiguration;
			buildSettings = {
				ALWAYS_SEARCH_USER_PATHS = NO;
				CLANG_CXX_LANGUAGE_STANDARD = "gnu++0x";
				CLANG_CXX_LIBRARY = "libc++";
				CLANG_ENABLE_MODULES = YES;
				CLANG_ENABLE_OBJC_ARC = YES;
				CLANG_WARN_BOOL_CONVERSION = YES;
				CLANG_WARN_CONSTANT_CONVERSION = YES;
				CLANG_WARN_DIRECT_OBJC_ISA_USAGE = YES_ERROR;
				CLANG_WARN_EMPTY_BODY = YES;
				CLANG_WARN_ENUM_CONVERSION = YES;
				CLANG_WARN_INT_CONVERSION = YES;
				CLANG_WARN_OBJC_ROOT_CLASS = YES_ERROR;
				CLANG_WARN__DUPLICATE_METHOD_MATCH = YES;
				CODE_SIGN_IDENTITY = "";
				COPY_PHASE_STRIP = NO;
				GCC_C_LANGUAGE_STANDARD = gnu99;
				GCC_DYNAMIC_NO_PIC = NO;
				GCC_OPTIMIZATION_LEVEL = 0;
				GCC_PREPROCESSOR_DEFINITIONS = (
					"DEBUG=1",
					"$(inherited)",
				);
				GCC_SYMBOLS_PRIVATE_EXTERN = NO;
				GCC_WARN_ABOUT_RETURN_TYPE = YES_ERROR;
				GCC_WARN_UNDECLARED_SELECTOR = YES;
				GCC_WARN_UNINITIALIZED_AUTOS = YES;
				GCC_WARN_UNUSED_FUNCTION = YES;
				GCC_WARN_UNUSED_VARIABLE = YES;
				IPHONEOS_DEPLOYMENT_TARGET = 7.0;
				ONLY_ACTIVE_ARCH = YES;
				SDKROOT = iphoneos;
			};
			name = Debug;
		};
		09C5203817965E5E001E5F22 /* Release */ = {
			isa = XCBuildConfiguration;
			buildSettings = {
				ALWAYS_SEARCH_USER_PATHS = NO;
				CLANG_CXX_LANGUAGE_STANDARD = "gnu++0x";
				CLANG_CXX_LIBRARY = "libc++";
				CLANG_ENABLE_MODULES = YES;
				CLANG_ENABLE_OBJC_ARC = YES;
				CLANG_WARN_BOOL_CONVERSION = YES;
				CLANG_WARN_CONSTANT_CONVERSION = YES;
				CLANG_WARN_DIRECT_OBJC_ISA_USAGE = YES_ERROR;
				CLANG_WARN_EMPTY_BODY = YES;
				CLANG_WARN_ENUM_CONVERSION = YES;
				CLANG_WARN_INT_CONVERSION = YES;
				CLANG_WARN_OBJC_ROOT_CLASS = YES_ERROR;
				CLANG_WARN__DUPLICATE_METHOD_MATCH = YES;
				CODE_SIGN_IDENTITY = "";
				COPY_PHASE_STRIP = YES;
				ENABLE_NS_ASSERTIONS = NO;
				GCC_C_LANGUAGE_STANDARD = gnu99;
				GCC_WARN_ABOUT_RETURN_TYPE = YES_ERROR;
				GCC_WARN_UNDECLARED_SELECTOR = YES;
				GCC_WARN_UNINITIALIZED_AUTOS = YES;
				GCC_WARN_UNUSED_FUNCTION = YES;
				GCC_WARN_UNUSED_VARIABLE = YES;
				IPHONEOS_DEPLOYMENT_TARGET = 7.0;
				SDKROOT = iphoneos;
				VALIDATE_PRODUCT = YES;
			};
			name = Release;
		};
		09C5203A17965E5E001E5F22 /* Debug */ = {
			isa = XCBuildConfiguration;
			baseConfigurationReference = E4E9D343FE134D03A4B8302F /* Pods.xcconfig */;
			buildSettings = {
				CODE_SIGN_IDENTITY = "";
				DSTROOT = /tmp/HPMusicBoxParse.dst;
				FRAMEWORK_SEARCH_PATHS = (
					"$(inherited)",
					"$(SRCROOT)",
				);
				GCC_PRECOMPILE_PREFIX_HEADER = YES;
				GCC_PREFIX_HEADER = "HPMusicBoxParse/HPMusicBoxParse-Prefix.pch";
				OTHER_LDFLAGS = "-ObjC";
				PRODUCT_NAME = "$(TARGET_NAME)";
				SKIP_INSTALL = YES;
			};
			name = Debug;
		};
		09C5203B17965E5E001E5F22 /* Release */ = {
			isa = XCBuildConfiguration;
			baseConfigurationReference = E4E9D343FE134D03A4B8302F /* Pods.xcconfig */;
			buildSettings = {
				CODE_SIGN_IDENTITY = "";
				DSTROOT = /tmp/HPMusicBoxParse.dst;
				FRAMEWORK_SEARCH_PATHS = (
					"$(inherited)",
					"$(SRCROOT)",
				);
				GCC_PRECOMPILE_PREFIX_HEADER = YES;
				GCC_PREFIX_HEADER = "HPMusicBoxParse/HPMusicBoxParse-Prefix.pch";
				OTHER_LDFLAGS = "-ObjC";
				PRODUCT_NAME = "$(TARGET_NAME)";
				SKIP_INSTALL = YES;
			};
			name = Release;
		};
		09C5203D17965E5E001E5F22 /* Debug */ = {
			isa = XCBuildConfiguration;
			buildSettings = {
				FRAMEWORK_SEARCH_PATHS = (
					"$(SDKROOT)/Developer/Library/Frameworks",
					"$(inherited)",
					"$(SYSTEM_APPS_DIR)/Xcode5-DP3.app/Contents/Developer/Library/Frameworks",
					"$(SRCROOT)",
				);
				GCC_PRECOMPILE_PREFIX_HEADER = YES;
				GCC_PREFIX_HEADER = "HPMusicBoxParse/HPMusicBoxParse-Prefix.pch";
				GCC_PREPROCESSOR_DEFINITIONS = (
					"DEBUG=1",
					"$(inherited)",
				);
				INFOPLIST_FILE = "HPMusicBoxParseTests/HPMusicBoxParseTests-Info.plist";
				PRODUCT_NAME = "$(TARGET_NAME)";
				WRAPPER_EXTENSION = xctest;
			};
			name = Debug;
		};
		09C5203E17965E5E001E5F22 /* Release */ = {
			isa = XCBuildConfiguration;
			buildSettings = {
				FRAMEWORK_SEARCH_PATHS = (
					"$(SDKROOT)/Developer/Library/Frameworks",
					"$(inherited)",
					"$(SYSTEM_APPS_DIR)/Xcode5-DP3.app/Contents/Developer/Library/Frameworks",
					"$(SRCROOT)",
				);
				GCC_PRECOMPILE_PREFIX_HEADER = YES;
				GCC_PREFIX_HEADER = "HPMusicBoxParse/HPMusicBoxParse-Prefix.pch";
				INFOPLIST_FILE = "HPMusicBoxParseTests/HPMusicBoxParseTests-Info.plist";
				PRODUCT_NAME = "$(TARGET_NAME)";
				WRAPPER_EXTENSION = xctest;
			};
			name = Release;
		};
/* End XCBuildConfiguration section */

/* Begin XCConfigurationList section */
		09C5201117965E5E001E5F22 /* Build configuration list for PBXProject "HPMusicBoxParse" */ = {
			isa = XCConfigurationList;
			buildConfigurations = (
				09C5203717965E5E001E5F22 /* Debug */,
				09C5203817965E5E001E5F22 /* Release */,
			);
			defaultConfigurationIsVisible = 0;
			defaultConfigurationName = Release;
		};
		09C5203917965E5E001E5F22 /* Build configuration list for PBXNativeTarget "HPMusicBoxParse" */ = {
			isa = XCConfigurationList;
			buildConfigurations = (
				09C5203A17965E5E001E5F22 /* Debug */,
				09C5203B17965E5E001E5F22 /* Release */,
			);
			defaultConfigurationIsVisible = 0;
			defaultConfigurationName = Release;
		};
		09C5203C17965E5E001E5F22 /* Build configuration list for PBXNativeTarget "HPMusicBoxParseTests" */ = {
			isa = XCConfigurationList;
			buildConfigurations = (
				09C5203D17965E5E001E5F22 /* Debug */,
				09C5203E17965E5E001E5F22 /* Release */,
			);
			defaultConfigurationIsVisible = 0;
			defaultConfigurationName = Release;
		};
/* End XCConfigurationList section */
	};
	rootObject = 09C5200E17965E5E001E5F22 /* Project object */;
}
